
Microsoft Visual Studio Solution File, Format Version 12.00
# Visual Studio Version 17
VisualStudioVersion = 17.14.37328.6 d17.14
MinimumVisualStudioVersion = 10.0.40219.1
Project("{FAE04EC0-301F-11D3-BF4B-00C04F79EFBC}") = "SHMS.API", "SHMS.API\SHMS.API.csproj", "{2B2BCA33-88B8-42FE-96F2-DA100621546B}"
EndProject
Global
	GlobalSection(SolutionConfigurationPlatforms) = preSolution
		Debug|Any CPU = Debug|Any CPU
		Release|Any CPU = Release|Any CPU
	EndGlobalSection
	GlobalSection(ProjectConfigurationPlatforms) = postSolution
		{2B2BCA33-88B8-42FE-96F2-DA100621546B}.Debug|Any CPU.ActiveCfg = Debug|Any CPU
		{2B2BCA33-88B8-42FE-96F2-DA100621546B}.Debug|Any CPU.Build.0 = Debug|Any CPU
		{2B2BCA33-88B8-42FE-96F2-DA100621546B}.Release|Any CPU.ActiveCfg = Release|Any CPU
		{2B2BCA33-88B8-42FE-96F2-DA100621546B}.Release|Any CPU.Build.0 = Release|Any CPU
	EndGlobalSection
	GlobalSection(SolutionProperties) = preSolution
		HideSolutionNode = FALSE
	EndGlobalSection
	GlobalSection(ExtensibilityGlobals) = postSolution
		SolutionGuid = {0FCB8090-27F2-4E9C-85E7-8A730743C63D}
	EndGlobalSection
EndGlobal
